
Microsoft Visual Studio Solution File, Format Version 12.00
# Visual Studio Version 16
VisualStudioVersion = 16.0.30621.155
MinimumVisualStudioVersion = 10.0.40219.1
Project("{FAE04EC0-301F-11D3-BF4B-00C04F79EFBC}") = "summer_2", "summer_2\summer_2.csproj", "{AA3F96D4-6435-4ECB-980A-05C6C8C0EA55}"
EndProject
Global
	GlobalSection(SolutionConfigurationPlatforms) = preSolution
		Debug|Any CPU = Debug|Any CPU
		Release|Any CPU = Release|Any CPU
	EndGlobalSection
	GlobalSection(ProjectConfigurationPlatforms) = postSolution
		{AA3F96D4-6435-4ECB-980A-05C6C8C0EA55}.Debug|Any CPU.ActiveCfg = Debug|Any CPU
		{AA3F96D4-6435-4ECB-980A-05C6C8C0EA55}.Debug|Any CPU.Build.0 = Debug|Any CPU
		{AA3F96D4-6435-4ECB-980A-05C6C8C0EA55}.Release|Any CPU.ActiveCfg = Release|Any CPU
		{AA3F96D4-6435-4ECB-980A-05C6C8C0EA55}.Release|Any CPU.Build.0 = Release|Any CPU
	EndGlobalSection
	GlobalSection(SolutionProperties) = preSolution
		HideSolutionNode = FALSE
	EndGlobalSection
	GlobalSection(ExtensibilityGlobals) = postSolution
		SolutionGuid = {BA977F2C-E668-409E-A320-BCCCF612A99B}
	EndGlobalSection
EndGlobal
